
Microsoft Visual Studio Solution File, Format Version 12.00
# Visual Studio 15
VisualStudioVersion = 15.0.28307.1231
MinimumVisualStudioVersion = 10.0.40219.1
Project("{8BC9CEB8-8B4A-11D0-8D11-00A0C91BC942}") = "CS580HW4", "CS580HW4.vcxproj", "{4649DD3E-7AA3-48D0-BA61-CC05C7F5D56A}"
EndProject
Global
	GlobalSection(SolutionConfigurationPlatforms) = preSolution
		Debug|x86 = Debug|x86
		Release|x86 = Release|x86
	EndGlobalSection
	GlobalSection(ProjectConfigurationPlatforms) = postSolution
		{4649DD3E-7AA3-48D0-BA61-CC05C7F5D56A}.Debug|x86.ActiveCfg = Debug|Win32
		{4649DD3E-7AA3-48D0-BA61-CC05C7F5D56A}.Debug|x86.Build.0 = Debug|Win32
		{4649DD3E-7AA3-48D0-BA61-CC05C7F5D56A}.Release|x86.ActiveCfg = Release|Win32
		{4649DD3E-7AA3-48D0-BA61-CC05C7F5D56A}.Release|x86.Build.0 = Release|Win32
	EndGlobalSection
	GlobalSection(SolutionProperties) = preSolution
		HideSolutionNode = FALSE
	EndGlobalSection
	GlobalSection(ExtensibilityGlobals) = postSolution
		SolutionGuid = {575C099A-09DD-4464-8682-B8043281031D}
	EndGlobalSection
EndGlobal
